
Microsoft Visual Studio Solution File, Format Version 12.00
# Visual Studio Version 17
VisualStudioVersion = 17.5.33627.172
MinimumVisualStudioVersion = 10.0.40219.1
Project("{FAE04EC0-301F-11D3-BF4B-00C04F79EFBC}") = "UpravljanjeGreskama1", "UpravljanjeGreskama1.csproj", "{04CF5C26-7ADD-4E69-9CB2-7252D6508DBA}"
EndProject
Global
	GlobalSection(SolutionConfigurationPlatforms) = preSolution
		Debug|Any CPU = Debug|Any CPU
		Release|Any CPU = Release|Any CPU
	EndGlobalSection
	GlobalSection(ProjectConfigurationPlatforms) = postSolution
		{04CF5C26-7ADD-4E69-9CB2-7252D6508DBA}.Debug|Any CPU.ActiveCfg = Debug|Any CPU
		{04CF5C26-7ADD-4E69-9CB2-7252D6508DBA}.Debug|Any CPU.Build.0 = Debug|Any CPU
		{04CF5C26-7ADD-4E69-9CB2-7252D6508DBA}.Release|Any CPU.ActiveCfg = Release|Any CPU
		{04CF5C26-7ADD-4E69-9CB2-7252D6508DBA}.Release|Any CPU.Build.0 = Release|Any CPU
	EndGlobalSection
	GlobalSection(SolutionProperties) = preSolution
		HideSolutionNode = FALSE
	EndGlobalSection
	GlobalSection(ExtensibilityGlobals) = postSolution
		SolutionGuid = {9A665ED0-79F0-4FC0-AF8F-9DEFF5B97759}
	EndGlobalSection
EndGlobal
